{
  "name": "diychain",
  "version": "0.0.1",
  "lockfileVersion": 1,
  "requires": true,
  "dependencies": {
    "base-x": {
      "version": "3.0.4",
      "resolved": "https://registry.npmjs.org/base-x/-/base-x-3.0.4.tgz",
      "integrity": "sha512-UYOadoSIkEI/VrRGSG6qp93rp2WdokiAiNYDfGW5qURAY8GiAQkvMbwNNSDYiVJopqv4gCna7xqf4rrNGp+5AA==",
      "requires": {
        "safe-buffer": "5.1.2"
      }
    },
    "bs58": {
      "version": "4.0.1",
      "resolved": "https://registry.npmjs.org/bs58/-/bs58-4.0.1.tgz",
      "integrity": "sha1-vhYedsNU9veIrkBx9j806MTwpCo=",
      "requires": {
        "base-x": "3.0.4"
      }
    },
    "class-is": {
      "version": "1.1.0",
      "resolved": "https://registry.npmjs.org/class-is/-/class-is-1.1.0.tgz",
      "integrity": "sha512-rhjH9AG1fvabIDoGRVH587413LPjTZgmDF9fOFCbFJQV4yuocX1mHxxvXI4g3cGwbVY9wAYIoKlg1N79frJKQw=="
    },
    "cryptico": {
      "version": "1.0.2",
      "resolved": "https://registry.npmjs.org/cryptico/-/cryptico-1.0.2.tgz",
      "integrity": "sha1-sTENaCcMnc9Q3tVK4TRFrytkBxs="
    },
    "crypto-js": {
      "version": "3.1.9-1",
      "resolved": "https://registry.npmjs.org/crypto-js/-/crypto-js-3.1.9-1.tgz",
      "integrity": "sha1-/aGedh/Ad+Af+/3G6f38WeiAbNg="
    },
    "debug": {
      "version": "3.1.0",
      "resolved": "https://registry.npmjs.org/debug/-/debug-3.1.0.tgz",
      "integrity": "sha512-OX8XqP7/1a9cqkxYw2yXss15f26NKWBpDXQd0/uK/KPqdQhxbPa994hnzjcE2VqQpDslf55723cKPUOGSmMY3g==",
      "requires": {
        "ms": "2.0.0"
      }
    },
    "eventemitter2": {
      "version": "0.4.14",
      "resolved": "https://registry.npmjs.org/eventemitter2/-/eventemitter2-0.4.14.tgz",
      "integrity": "sha1-j2G3XN4BKy6esoTUVFWDtWQ7Yas="
    },
    "interface-connection": {
      "version": "0.3.2",
      "resolved": "https://registry.npmjs.org/interface-connection/-/interface-connection-0.3.2.tgz",
      "integrity": "sha1-5JSYg/bqeft+3QHuP0/KR6Kf0sQ=",
      "requires": {
        "pull-defer": "0.2.2",
        "timed-tape": "0.1.1"
      }
    },
    "ip": {
      "version": "1.1.5",
      "resolved": "https://registry.npmjs.org/ip/-/ip-1.1.5.tgz",
      "integrity": "sha1-vd7XARQpCCjAoDnnLvJfWq7ENUo="
    },
    "ip-address": {
      "version": "5.8.9",
      "resolved": "https://registry.npmjs.org/ip-address/-/ip-address-5.8.9.tgz",
      "integrity": "sha512-7ay355oMN34iXhET1BmCJVsHjOTSItEEIIpOs38qUC23AIhOy+xIPnkrTuEFjeLMrTJ7m8KMXWgWfy/2Vn9sDw==",
      "requires": {
        "jsbn": "1.1.0",
        "lodash.find": "4.6.0",
        "lodash.max": "4.0.1",
        "lodash.merge": "4.6.1",
        "lodash.padstart": "4.6.1",
        "lodash.repeat": "4.1.0",
        "sprintf-js": "1.1.0"
      }
    },
    "jsbn": {
      "version": "1.1.0",
      "resolved": "https://registry.npmjs.org/jsbn/-/jsbn-1.1.0.tgz",
      "integrity": "sha1-sBMHyym2GKHtJux56RH4A8TaAEA="
    },
    "lazy": {
      "version": "1.0.11",
      "resolved": "https://registry.npmjs.org/lazy/-/lazy-1.0.11.tgz",
      "integrity": "sha1-2qBoIGKCVCwIgojpdcKXwa53tpA="
    },
    "libp2p-tcp": {
      "version": "0.12.1",
      "resolved": "https://registry.npmjs.org/libp2p-tcp/-/libp2p-tcp-0.12.1.tgz",
      "integrity": "sha512-Vt1gLoOKAPAsgQ9IDwrwL4F5zA3gINsstwKKGgZaN5Boj/EeGghdug6vOL0TP2UKWudCuC2rCQUCPVOKZ5gYow==",
      "requires": {
        "class-is": "1.1.0",
        "debug": "3.1.0",
        "interface-connection": "0.3.2",
        "ip-address": "5.8.9",
        "lodash.includes": "4.3.0",
        "lodash.isfunction": "3.0.9",
        "mafmt": "6.0.0",
        "multiaddr": "4.0.0",
        "once": "1.4.0",
        "stream-to-pull-stream": "1.7.2"
      },
      "dependencies": {
        "multiaddr": {
          "version": "4.0.0",
          "resolved": "https://registry.npmjs.org/multiaddr/-/multiaddr-4.0.0.tgz",
          "integrity": "sha512-zUatrOCfBd/tJNOSoJ10d2EI2FDXB9PyPZhqUMdXE9mOyR3C+HLuOjga2Ga/eChwvEHIpTYRMoIKF2Nv7af2qQ==",
          "requires": {
            "bs58": "4.0.1",
            "class-is": "1.1.0",
            "ip": "1.1.5",
            "ip-address": "5.8.9",
            "lodash.filter": "4.6.0",
            "lodash.map": "4.6.0",
            "varint": "5.0.0",
            "xtend": "4.0.1"
          }
        }
      }
    },
    "lodash.filter": {
      "version": "4.6.0",
      "resolved": "https://registry.npmjs.org/lodash.filter/-/lodash.filter-4.6.0.tgz",
      "integrity": "sha1-ZosdSYFgOuHMWm+nYBQ+SAtMSs4="
    },
    "lodash.find": {
      "version": "4.6.0",
      "resolved": "https://registry.npmjs.org/lodash.find/-/lodash.find-4.6.0.tgz",
      "integrity": "sha1-ywcE1Hq3F4n/oN6Ll92Sb7iLE7E="
    },
    "lodash.includes": {
      "version": "4.3.0",
      "resolved": "https://registry.npmjs.org/lodash.includes/-/lodash.includes-4.3.0.tgz",
      "integrity": "sha1-YLuYqHy5I8aMoeUTJUgzFISfVT8="
    },
    "lodash.isfunction": {
      "version": "3.0.9",
      "resolved": "https://registry.npmjs.org/lodash.isfunction/-/lodash.isfunction-3.0.9.tgz",
      "integrity": "sha512-AirXNj15uRIMMPihnkInB4i3NHeb4iBtNg9WRWuK2o31S+ePwwNmDPaTL3o7dTJ+VXNZim7rFs4rxN4YU1oUJw=="
    },
    "lodash.map": {
      "version": "4.6.0",
      "resolved": "https://registry.npmjs.org/lodash.map/-/lodash.map-4.6.0.tgz",
      "integrity": "sha1-dx7Hg540c9nEzeKLGTlMNWL09tM="
    },
    "lodash.max": {
      "version": "4.0.1",
      "resolved": "https://registry.npmjs.org/lodash.max/-/lodash.max-4.0.1.tgz",
      "integrity": "sha1-hzVWbGGLNan3YFILSHrnllivE2o="
    },
    "lodash.merge": {
      "version": "4.6.1",
      "resolved": "https://registry.npmjs.org/lodash.merge/-/lodash.merge-4.6.1.tgz",
      "integrity": "sha512-AOYza4+Hf5z1/0Hztxpm2/xiPZgi/cjMqdnKTUWTBSKchJlxXXuUSxCCl8rJlf4g6yww/j6mA8nC8Hw/EZWxKQ=="
    },
    "lodash.padstart": {
      "version": "4.6.1",
      "resolved": "https://registry.npmjs.org/lodash.padstart/-/lodash.padstart-4.6.1.tgz",
      "integrity": "sha1-0uPuv/DZ05rVD1y9G1KnvOa7YRs="
    },
    "lodash.repeat": {
      "version": "4.1.0",
      "resolved": "https://registry.npmjs.org/lodash.repeat/-/lodash.repeat-4.1.0.tgz",
      "integrity": "sha1-/H3oEx2MisB+S0n3T/6CnR8r7EQ="
    },
    "looper": {
      "version": "3.0.0",
      "resolved": "https://registry.npmjs.org/looper/-/looper-3.0.0.tgz",
      "integrity": "sha1-LvpUw7HLq6m5Su4uWRSwvlf7t0k="
    },
    "mafmt": {
      "version": "6.0.0",
      "resolved": "https://registry.npmjs.org/mafmt/-/mafmt-6.0.0.tgz",
      "integrity": "sha512-ikjvRXcbEu/kpSQSUlCX5mj2sRZs18rjFAR3azO7mTJ1HPtTcd1XL5y/ey5wSuRjX4dsgGIPEc9VYF3dUaudPw==",
      "requires": {
        "multiaddr": "4.0.0"
      },
      "dependencies": {
        "multiaddr": {
          "version": "4.0.0",
          "resolved": "https://registry.npmjs.org/multiaddr/-/multiaddr-4.0.0.tgz",
          "integrity": "sha512-zUatrOCfBd/tJNOSoJ10d2EI2FDXB9PyPZhqUMdXE9mOyR3C+HLuOjga2Ga/eChwvEHIpTYRMoIKF2Nv7af2qQ==",
          "requires": {
            "bs58": "4.0.1",
            "class-is": "1.1.0",
            "ip": "1.1.5",
            "ip-address": "5.8.9",
            "lodash.filter": "4.6.0",
            "lodash.map": "4.6.0",
            "varint": "5.0.0",
            "xtend": "4.0.1"
          }
        }
      }
    },
    "ms": {
      "version": "2.0.0",
      "resolved": "https://registry.npmjs.org/ms/-/ms-2.0.0.tgz",
      "integrity": "sha1-VgiurfwAvmwpAd9fmGF4jeDVl8g="
    },
    "multiaddr": {
      "version": "5.0.0",
      "resolved": "https://registry.npmjs.org/multiaddr/-/multiaddr-5.0.0.tgz",
      "integrity": "sha512-IMEo+iCv53MT8c/6SQWbJpJUEENTYr6qp7o635BKJLQG2nkxOIO9LSEFhF5e56Az+DkmI6HGAAjp69AT7Sjulw==",
      "requires": {
        "bs58": "4.0.1",
        "class-is": "1.1.0",
        "ip": "1.1.5",
        "ip-address": "5.8.9",
        "lodash.filter": "4.6.0",
        "lodash.map": "4.6.0",
        "varint": "5.0.0",
        "xtend": "4.0.1"
      }
    },
    "netmask": {
      "version": "1.0.6",
      "resolved": "https://registry.npmjs.org/netmask/-/netmask-1.0.6.tgz",
      "integrity": "sha1-ICl+idhvb2QA8lDZ9Pa0wZRfzTU="
    },
    "nssocket": {
      "version": "0.6.0",
      "resolved": "https://registry.npmjs.org/nssocket/-/nssocket-0.6.0.tgz",
      "integrity": "sha1-Wflvb/MhVm8zxw99vu7N/cBxVPo=",
      "requires": {
        "eventemitter2": "0.4.14",
        "lazy": "1.0.11"
      }
    },
    "once": {
      "version": "1.4.0",
      "resolved": "https://registry.npmjs.org/once/-/once-1.4.0.tgz",
      "integrity": "sha1-WDsap3WWHUsROsF9nFC6753Xa9E=",
      "requires": {
        "wrappy": "1.0.2"
      }
    },
    "pull-defer": {
      "version": "0.2.2",
      "resolved": "https://registry.npmjs.org/pull-defer/-/pull-defer-0.2.2.tgz",
      "integrity": "sha1-CIew/7MK8ypW2+z6csFnInHwexM="
    },
    "pull-stream": {
      "version": "3.6.8",
      "resolved": "https://registry.npmjs.org/pull-stream/-/pull-stream-3.6.8.tgz",
      "integrity": "sha512-wQUIptQBcM0rFsUhZoEpOT3vUn73DtTGVq3NQ86c4T7iMOSprDzeKWYq2ksXnbwiuExTKvt+8G9fzNLFQuiO+A=="
    },
    "safe-buffer": {
      "version": "5.1.2",
      "resolved": "https://registry.npmjs.org/safe-buffer/-/safe-buffer-5.1.2.tgz",
      "integrity": "sha512-Gd2UZBJDkXlY7GbJxfsE8/nvKkUEU1G38c1siN6QP6a9PT9MmHB8GnpscSmMJSoF8LOIrt8ud/wPtojys4G6+g=="
    },
    "smokesignal": {
      "version": "0.2.2",
      "resolved": "https://registry.npmjs.org/smokesignal/-/smokesignal-0.2.2.tgz",
      "integrity": "sha1-P/b1nfl8C3JNg9Z7Pj0c6niH0VE=",
      "requires": {
        "netmask": "1.0.6",
        "nssocket": "0.6.0"
      }
    },
    "sprintf-js": {
      "version": "1.1.0",
      "resolved": "https://registry.npmjs.org/sprintf-js/-/sprintf-js-1.1.0.tgz",
      "integrity": "sha1-z/yvcC2vZeo5u04PorKZzsGhvkY="
    },
    "stream-to-pull-stream": {
      "version": "1.7.2",
      "resolved": "https://registry.npmjs.org/stream-to-pull-stream/-/stream-to-pull-stream-1.7.2.tgz",
      "integrity": "sha1-dXYJrhzr0zx0MtSvvjH/eGULnd4=",
      "requires": {
        "looper": "3.0.0",
        "pull-stream": "3.6.8"
      }
    },
    "timed-tape": {
      "version": "0.1.1",
      "resolved": "https://registry.npmjs.org/timed-tape/-/timed-tape-0.1.1.tgz",
      "integrity": "sha1-m25WnxfmbHnx7tLSX/eWL8dBjkk="
    },
    "varint": {
      "version": "5.0.0",
      "resolved": "https://registry.npmjs.org/varint/-/varint-5.0.0.tgz",
      "integrity": "sha1-2Ca4n3SQcy+rwMDtaT7Uddyynr8="
    },
    "wrappy": {
      "version": "1.0.2",
      "resolved": "https://registry.npmjs.org/wrappy/-/wrappy-1.0.2.tgz",
      "integrity": "sha1-tSQ9jz7BqjXxNkYFvA0QNuMKtp8="
    },
    "xtend": {
      "version": "4.0.1",
      "resolved": "https://registry.npmjs.org/xtend/-/xtend-4.0.1.tgz",
      "integrity": "sha1-pcbVMr5lbiPbgg77lDofBJmNY68="
    }
  }
}
